
Microsoft Visual Studio Solution File, Format Version 11.00
# Visual Studio 2010
Project("{FAE04EC0-301F-11D3-BF4B-00C04F79EFBC}") = "BusStop.Api", "BusStop.Api\BusStop.Api.csproj", "{200BE292-6449-4117-AD01-2240B877C80B}"
EndProject
Project("{FAE04EC0-301F-11D3-BF4B-00C04F79EFBC}") = "BusStop.Backend", "BusStop.Backend\BusStop.Backend.csproj", "{65C18267-554F-4391-AD9E-F4CBBB98F58B}"
EndProject
Project("{2150E333-8FDC-42A3-9474-1A3956D46DE8}") = ".nuget", ".nuget", "{ACD1ED91-DE00-4552-BFA2-603B4B5023AC}"
	ProjectSection(SolutionItems) = preProject
		.nuget\packages.config = .nuget\packages.config
	EndProjectSection
EndProject
Project("{FAE04EC0-301F-11D3-BF4B-00C04F79EFBC}") = "BusStop.Authentication", "BusStop.Authentication\BusStop.Authentication.csproj", "{33102B4F-7504-4CAF-A0FF-908DD3445B6C}"
EndProject
Project("{FAE04EC0-301F-11D3-BF4B-00C04F79EFBC}") = "BusStop.Config", "BusStop.Config\BusStop.Config.csproj", "{67603B99-8753-43AA-A734-5756007AF5BB}"
EndProject
Project("{FAE04EC0-301F-11D3-BF4B-00C04F79EFBC}") = "BusStop.Backoffice", "BusStop.Backoffice\BusStop.Backoffice.csproj", "{F49F8E6A-E607-4488-8420-4EB16658C3BE}"
EndProject
Project("{FAE04EC0-301F-11D3-BF4B-00C04F79EFBC}") = "BusStop.Billing.CreditCardGateway", "BusStop.Billing.CreditCardGateway\BusStop.Billing.CreditCardGateway.csproj", "{49F589EC-3690-4B6E-ACD8-DE76666BBF79}"
EndProject
Project("{2150E333-8FDC-42A3-9474-1A3956D46DE8}") = "Contracts", "Contracts", "{E686CCA2-914C-4A79-AB0E-016479A8B1FE}"
EndProject
Project("{FAE04EC0-301F-11D3-BF4B-00C04F79EFBC}") = "BusStop.Sales.Contracts", "BusStop.Sales.Contracts\BusStop.Sales.Contracts.csproj", "{AA5628F6-07FE-4035-A8E0-10D9DBFE51A7}"
EndProject
Project("{2150E333-8FDC-42A3-9474-1A3956D46DE8}") = "Sales", "Sales", "{AEE5B3AF-F10F-4E2C-A1F8-CCDDEE9AB7F7}"
EndProject
Project("{FAE04EC0-301F-11D3-BF4B-00C04F79EFBC}") = "BusStop.Sales", "BusStop.Sales\BusStop.Sales.csproj", "{856BAB8F-026D-42EB-AEEB-E9DFF154B985}"
EndProject
Project("{FAE04EC0-301F-11D3-BF4B-00C04F79EFBC}") = "BusStop.Sales.InternalMessages", "BusStop.Sales.InternalMessages\BusStop.Sales.InternalMessages.csproj", "{80A4FD7D-C5D6-4EAE-AC52-FACD5663DF4F}"
EndProject
Project("{2150E333-8FDC-42A3-9474-1A3956D46DE8}") = "Billing", "Billing", "{B1A2AC5B-2478-424B-AD27-F89337CC5981}"
EndProject
Project("{FAE04EC0-301F-11D3-BF4B-00C04F79EFBC}") = "BusStop.Billing.InternalMessages", "BusStop.Billing.InternalMessages\BusStop.Billing.InternalMessages.csproj", "{D40CFCC0-7F70-44DB-BF90-C015770E5F53}"
EndProject
Project("{FAE04EC0-301F-11D3-BF4B-00C04F79EFBC}") = "BusStop.Billing", "BusStop.Billing\BusStop.Billing.csproj", "{AF03D6F0-F56B-4241-9394-2FDB462D054F}"
EndProject
Project("{2150E333-8FDC-42A3-9474-1A3956D46DE8}") = "Infrastructure", "Infrastructure", "{CC9FFCC1-5B82-4090-B4C1-4EA8F4BEDE98}"
EndProject
Global
	GlobalSection(SolutionConfigurationPlatforms) = preSolution
		Debug|Any CPU = Debug|Any CPU
		Debug|Mixed Platforms = Debug|Mixed Platforms
		Debug|x86 = Debug|x86
		Release|Any CPU = Release|Any CPU
		Release|Mixed Platforms = Release|Mixed Platforms
		Release|x86 = Release|x86
	EndGlobalSection
	GlobalSection(ProjectConfigurationPlatforms) = postSolution
		{200BE292-6449-4117-AD01-2240B877C80B}.Debug|Any CPU.ActiveCfg = Debug|Any CPU
		{200BE292-6449-4117-AD01-2240B877C80B}.Debug|Any CPU.Build.0 = Debug|Any CPU
		{200BE292-6449-4117-AD01-2240B877C80B}.Debug|Mixed Platforms.ActiveCfg = Debug|Any CPU
		{200BE292-6449-4117-AD01-2240B877C80B}.Debug|Mixed Platforms.Build.0 = Debug|Any CPU
		{200BE292-6449-4117-AD01-2240B877C80B}.Debug|x86.ActiveCfg = Debug|Any CPU
		{200BE292-6449-4117-AD01-2240B877C80B}.Release|Any CPU.ActiveCfg = Release|Any CPU
		{200BE292-6449-4117-AD01-2240B877C80B}.Release|Any CPU.Build.0 = Release|Any CPU
		{200BE292-6449-4117-AD01-2240B877C80B}.Release|Mixed Platforms.ActiveCfg = Release|Any CPU
		{200BE292-6449-4117-AD01-2240B877C80B}.Release|Mixed Platforms.Build.0 = Release|Any CPU
		{200BE292-6449-4117-AD01-2240B877C80B}.Release|x86.ActiveCfg = Release|Any CPU
		{65C18267-554F-4391-AD9E-F4CBBB98F58B}.Debug|Any CPU.ActiveCfg = Debug|Any CPU
		{65C18267-554F-4391-AD9E-F4CBBB98F58B}.Debug|Any CPU.Build.0 = Debug|Any CPU
		{65C18267-554F-4391-AD9E-F4CBBB98F58B}.Debug|Mixed Platforms.ActiveCfg = Debug|Any CPU
		{65C18267-554F-4391-AD9E-F4CBBB98F58B}.Debug|Mixed Platforms.Build.0 = Debug|Any CPU
		{65C18267-554F-4391-AD9E-F4CBBB98F58B}.Debug|x86.ActiveCfg = Debug|Any CPU
		{65C18267-554F-4391-AD9E-F4CBBB98F58B}.Release|Any CPU.ActiveCfg = Release|Any CPU
		{65C18267-554F-4391-AD9E-F4CBBB98F58B}.Release|Any CPU.Build.0 = Release|Any CPU
		{65C18267-554F-4391-AD9E-F4CBBB98F58B}.Release|Mixed Platforms.ActiveCfg = Release|Any CPU
		{65C18267-554F-4391-AD9E-F4CBBB98F58B}.Release|Mixed Platforms.Build.0 = Release|Any CPU
		{65C18267-554F-4391-AD9E-F4CBBB98F58B}.Release|x86.ActiveCfg = Release|Any CPU
		{33102B4F-7504-4CAF-A0FF-908DD3445B6C}.Debug|Any CPU.ActiveCfg = Debug|Any CPU
		{33102B4F-7504-4CAF-A0FF-908DD3445B6C}.Debug|Any CPU.Build.0 = Debug|Any CPU
		{33102B4F-7504-4CAF-A0FF-908DD3445B6C}.Debug|Mixed Platforms.ActiveCfg = Debug|Any CPU
		{33102B4F-7504-4CAF-A0FF-908DD3445B6C}.Debug|Mixed Platforms.Build.0 = Debug|Any CPU
		{33102B4F-7504-4CAF-A0FF-908DD3445B6C}.Debug|x86.ActiveCfg = Debug|Any CPU
		{33102B4F-7504-4CAF-A0FF-908DD3445B6C}.Release|Any CPU.ActiveCfg = Release|Any CPU
		{33102B4F-7504-4CAF-A0FF-908DD3445B6C}.Release|Any CPU.Build.0 = Release|Any CPU
		{33102B4F-7504-4CAF-A0FF-908DD3445B6C}.Release|Mixed Platforms.ActiveCfg = Release|Any CPU
		{33102B4F-7504-4CAF-A0FF-908DD3445B6C}.Release|Mixed Platforms.Build.0 = Release|Any CPU
		{33102B4F-7504-4CAF-A0FF-908DD3445B6C}.Release|x86.ActiveCfg = Release|Any CPU
		{67603B99-8753-43AA-A734-5756007AF5BB}.Debug|Any CPU.ActiveCfg = Debug|Any CPU
		{67603B99-8753-43AA-A734-5756007AF5BB}.Debug|Any CPU.Build.0 = Debug|Any CPU
		{67603B99-8753-43AA-A734-5756007AF5BB}.Debug|Mixed Platforms.ActiveCfg = Debug|Any CPU
		{67603B99-8753-43AA-A734-5756007AF5BB}.Debug|Mixed Platforms.Build.0 = Debug|Any CPU
		{67603B99-8753-43AA-A734-5756007AF5BB}.Debug|x86.ActiveCfg = Debug|Any CPU
		{67603B99-8753-43AA-A734-5756007AF5BB}.Release|Any CPU.ActiveCfg = Release|Any CPU
		{67603B99-8753-43AA-A734-5756007AF5BB}.Release|Any CPU.Build.0 = Release|Any CPU
		{67603B99-8753-43AA-A734-5756007AF5BB}.Release|Mixed Platforms.ActiveCfg = Release|Any CPU
		{67603B99-8753-43AA-A734-5756007AF5BB}.Release|Mixed Platforms.Build.0 = Release|Any CPU
		{67603B99-8753-43AA-A734-5756007AF5BB}.Release|x86.ActiveCfg = Release|Any CPU
		{F49F8E6A-E607-4488-8420-4EB16658C3BE}.Debug|Any CPU.ActiveCfg = Debug|x86
		{F49F8E6A-E607-4488-8420-4EB16658C3BE}.Debug|Mixed Platforms.ActiveCfg = Debug|x86
		{F49F8E6A-E607-4488-8420-4EB16658C3BE}.Debug|Mixed Platforms.Build.0 = Debug|x86
		{F49F8E6A-E607-4488-8420-4EB16658C3BE}.Debug|x86.ActiveCfg = Debug|x86
		{F49F8E6A-E607-4488-8420-4EB16658C3BE}.Debug|x86.Build.0 = Debug|x86
		{F49F8E6A-E607-4488-8420-4EB16658C3BE}.Release|Any CPU.ActiveCfg = Release|x86
		{F49F8E6A-E607-4488-8420-4EB16658C3BE}.Release|Mixed Platforms.ActiveCfg = Release|x86
		{F49F8E6A-E607-4488-8420-4EB16658C3BE}.Release|Mixed Platforms.Build.0 = Release|x86
		{F49F8E6A-E607-4488-8420-4EB16658C3BE}.Release|x86.ActiveCfg = Release|x86
		{F49F8E6A-E607-4488-8420-4EB16658C3BE}.Release|x86.Build.0 = Release|x86
		{49F589EC-3690-4B6E-ACD8-DE76666BBF79}.Debug|Any CPU.ActiveCfg = Debug|Any CPU
		{49F589EC-3690-4B6E-ACD8-DE76666BBF79}.Debug|Any CPU.Build.0 = Debug|Any CPU
		{49F589EC-3690-4B6E-ACD8-DE76666BBF79}.Debug|Mixed Platforms.ActiveCfg = Debug|Any CPU
		{49F589EC-3690-4B6E-ACD8-DE76666BBF79}.Debug|Mixed Platforms.Build.0 = Debug|Any CPU
		{49F589EC-3690-4B6E-ACD8-DE76666BBF79}.Debug|x86.ActiveCfg = Debug|Any CPU
		{49F589EC-3690-4B6E-ACD8-DE76666BBF79}.Release|Any CPU.ActiveCfg = Release|Any CPU
		{49F589EC-3690-4B6E-ACD8-DE76666BBF79}.Release|Any CPU.Build.0 = Release|Any CPU
		{49F589EC-3690-4B6E-ACD8-DE76666BBF79}.Release|Mixed Platforms.ActiveCfg = Release|Any CPU
		{49F589EC-3690-4B6E-ACD8-DE76666BBF79}.Release|Mixed Platforms.Build.0 = Release|Any CPU
		{49F589EC-3690-4B6E-ACD8-DE76666BBF79}.Release|x86.ActiveCfg = Release|Any CPU
		{AA5628F6-07FE-4035-A8E0-10D9DBFE51A7}.Debug|Any CPU.ActiveCfg = Debug|Any CPU
		{AA5628F6-07FE-4035-A8E0-10D9DBFE51A7}.Debug|Any CPU.Build.0 = Debug|Any CPU
		{AA5628F6-07FE-4035-A8E0-10D9DBFE51A7}.Debug|Mixed Platforms.ActiveCfg = Debug|Any CPU
		{AA5628F6-07FE-4035-A8E0-10D9DBFE51A7}.Debug|Mixed Platforms.Build.0 = Debug|Any CPU
		{AA5628F6-07FE-4035-A8E0-10D9DBFE51A7}.Debug|x86.ActiveCfg = Debug|Any CPU
		{AA5628F6-07FE-4035-A8E0-10D9DBFE51A7}.Release|Any CPU.ActiveCfg = Release|Any CPU
		{AA5628F6-07FE-4035-A8E0-10D9DBFE51A7}.Release|Any CPU.Build.0 = Release|Any CPU
		{AA5628F6-07FE-4035-A8E0-10D9DBFE51A7}.Release|Mixed Platforms.ActiveCfg = Release|Any CPU
		{AA5628F6-07FE-4035-A8E0-10D9DBFE51A7}.Release|Mixed Platforms.Build.0 = Release|Any CPU
		{AA5628F6-07FE-4035-A8E0-10D9DBFE51A7}.Release|x86.ActiveCfg = Release|Any CPU
		{856BAB8F-026D-42EB-AEEB-E9DFF154B985}.Debug|Any CPU.ActiveCfg = Debug|Any CPU
		{856BAB8F-026D-42EB-AEEB-E9DFF154B985}.Debug|Any CPU.Build.0 = Debug|Any CPU
		{856BAB8F-026D-42EB-AEEB-E9DFF154B985}.Debug|Mixed Platforms.ActiveCfg = Debug|Any CPU
		{856BAB8F-026D-42EB-AEEB-E9DFF154B985}.Debug|Mixed Platforms.Build.0 = Debug|Any CPU
		{856BAB8F-026D-42EB-AEEB-E9DFF154B985}.Debug|x86.ActiveCfg = Debug|Any CPU
		{856BAB8F-026D-42EB-AEEB-E9DFF154B985}.Release|Any CPU.ActiveCfg = Release|Any CPU
		{856BAB8F-026D-42EB-AEEB-E9DFF154B985}.Release|Any CPU.Build.0 = Release|Any CPU
		{856BAB8F-026D-42EB-AEEB-E9DFF154B985}.Release|Mixed Platforms.ActiveCfg = Release|Any CPU
		{856BAB8F-026D-42EB-AEEB-E9DFF154B985}.Release|Mixed Platforms.Build.0 = Release|Any CPU
		{856BAB8F-026D-42EB-AEEB-E9DFF154B985}.Release|x86.ActiveCfg = Release|Any CPU
		{80A4FD7D-C5D6-4EAE-AC52-FACD5663DF4F}.Debug|Any CPU.ActiveCfg = Debug|Any CPU
		{80A4FD7D-C5D6-4EAE-AC52-FACD5663DF4F}.Debug|Any CPU.Build.0 = Debug|Any CPU
		{80A4FD7D-C5D6-4EAE-AC52-FACD5663DF4F}.Debug|Mixed Platforms.ActiveCfg = Debug|Any CPU
		{80A4FD7D-C5D6-4EAE-AC52-FACD5663DF4F}.Debug|Mixed Platforms.Build.0 = Debug|Any CPU
		{80A4FD7D-C5D6-4EAE-AC52-FACD5663DF4F}.Debug|x86.ActiveCfg = Debug|Any CPU
		{80A4FD7D-C5D6-4EAE-AC52-FACD5663DF4F}.Release|Any CPU.ActiveCfg = Release|Any CPU
		{80A4FD7D-C5D6-4EAE-AC52-FACD5663DF4F}.Release|Any CPU.Build.0 = Release|Any CPU
		{80A4FD7D-C5D6-4EAE-AC52-FACD5663DF4F}.Release|Mixed Platforms.ActiveCfg = Release|Any CPU
		{80A4FD7D-C5D6-4EAE-AC52-FACD5663DF4F}.Release|Mixed Platforms.Build.0 = Release|Any CPU
		{80A4FD7D-C5D6-4EAE-AC52-FACD5663DF4F}.Release|x86.ActiveCfg = Release|Any CPU
		{D40CFCC0-7F70-44DB-BF90-C015770E5F53}.Debug|Any CPU.ActiveCfg = Debug|Any CPU
		{D40CFCC0-7F70-44DB-BF90-C015770E5F53}.Debug|Any CPU.Build.0 = Debug|Any CPU
		{D40CFCC0-7F70-44DB-BF90-C015770E5F53}.Debug|Mixed Platforms.ActiveCfg = Debug|Any CPU
		{D40CFCC0-7F70-44DB-BF90-C015770E5F53}.Debug|Mixed Platforms.Build.0 = Debug|Any CPU
		{D40CFCC0-7F70-44DB-BF90-C015770E5F53}.Debug|x86.ActiveCfg = Debug|Any CPU
		{D40CFCC0-7F70-44DB-BF90-C015770E5F53}.Release|Any CPU.ActiveCfg = Release|Any CPU
		{D40CFCC0-7F70-44DB-BF90-C015770E5F53}.Release|Any CPU.Build.0 = Release|Any CPU
		{D40CFCC0-7F70-44DB-BF90-C015770E5F53}.Release|Mixed Platforms.ActiveCfg = Release|Any CPU
		{D40CFCC0-7F70-44DB-BF90-C015770E5F53}.Release|Mixed Platforms.Build.0 = Release|Any CPU
		{D40CFCC0-7F70-44DB-BF90-C015770E5F53}.Release|x86.ActiveCfg = Release|Any CPU
		{AF03D6F0-F56B-4241-9394-2FDB462D054F}.Debug|Any CPU.ActiveCfg = Debug|Any CPU
		{AF03D6F0-F56B-4241-9394-2FDB462D054F}.Debug|Any CPU.Build.0 = Debug|Any CPU
		{AF03D6F0-F56B-4241-9394-2FDB462D054F}.Debug|Mixed Platforms.ActiveCfg = Debug|Any CPU
		{AF03D6F0-F56B-4241-9394-2FDB462D054F}.Debug|Mixed Platforms.Build.0 = Debug|Any CPU
		{AF03D6F0-F56B-4241-9394-2FDB462D054F}.Debug|x86.ActiveCfg = Debug|Any CPU
		{AF03D6F0-F56B-4241-9394-2FDB462D054F}.Release|Any CPU.ActiveCfg = Release|Any CPU
		{AF03D6F0-F56B-4241-9394-2FDB462D054F}.Release|Any CPU.Build.0 = Release|Any CPU
		{AF03D6F0-F56B-4241-9394-2FDB462D054F}.Release|Mixed Platforms.ActiveCfg = Release|Any CPU
		{AF03D6F0-F56B-4241-9394-2FDB462D054F}.Release|Mixed Platforms.Build.0 = Release|Any CPU
		{AF03D6F0-F56B-4241-9394-2FDB462D054F}.Release|x86.ActiveCfg = Release|Any CPU
	EndGlobalSection
	GlobalSection(SolutionProperties) = preSolution
		HideSolutionNode = FALSE
	EndGlobalSection
	GlobalSection(NestedProjects) = preSolution
		{AA5628F6-07FE-4035-A8E0-10D9DBFE51A7} = {E686CCA2-914C-4A79-AB0E-016479A8B1FE}
		{856BAB8F-026D-42EB-AEEB-E9DFF154B985} = {AEE5B3AF-F10F-4E2C-A1F8-CCDDEE9AB7F7}
		{80A4FD7D-C5D6-4EAE-AC52-FACD5663DF4F} = {AEE5B3AF-F10F-4E2C-A1F8-CCDDEE9AB7F7}
		{49F589EC-3690-4B6E-ACD8-DE76666BBF79} = {B1A2AC5B-2478-424B-AD27-F89337CC5981}
		{D40CFCC0-7F70-44DB-BF90-C015770E5F53} = {B1A2AC5B-2478-424B-AD27-F89337CC5981}
		{AF03D6F0-F56B-4241-9394-2FDB462D054F} = {B1A2AC5B-2478-424B-AD27-F89337CC5981}
		{33102B4F-7504-4CAF-A0FF-908DD3445B6C} = {CC9FFCC1-5B82-4090-B4C1-4EA8F4BEDE98}
		{67603B99-8753-43AA-A734-5756007AF5BB} = {CC9FFCC1-5B82-4090-B4C1-4EA8F4BEDE98}
	EndGlobalSection
EndGlobal
