
Microsoft Visual Studio Solution File, Format Version 11.00
# Visual Studio 2010
Project("{FAE04EC0-301F-11D3-BF4B-00C04F79EFBC}") = "BusStop.Api", "BusStop.Api\BusStop.Api.csproj", "{200BE292-6449-4117-AD01-2240B877C80B}"
EndProject
Project("{FAE04EC0-301F-11D3-BF4B-00C04F79EFBC}") = "BusStop.Contracts", "BusStop.Contracts\BusStop.Contracts.csproj", "{54C28089-E771-45C0-BFCF-8AB78021AE99}"
EndProject
Project("{FAE04EC0-301F-11D3-BF4B-00C04F79EFBC}") = "BusStop.Backend", "BusStop.Backend\BusStop.Backend.csproj", "{65C18267-554F-4391-AD9E-F4CBBB98F58B}"
EndProject
Project("{2150E333-8FDC-42A3-9474-1A3956D46DE8}") = ".nuget", ".nuget", "{ACD1ED91-DE00-4552-BFA2-603B4B5023AC}"
	ProjectSection(SolutionItems) = preProject
		.nuget\packages.config = .nuget\packages.config
	EndProjectSection
EndProject
Project("{FAE04EC0-301F-11D3-BF4B-00C04F79EFBC}") = "BusStop.Authentication", "BusStop.Authentication\BusStop.Authentication.csproj", "{33102B4F-7504-4CAF-A0FF-908DD3445B6C}"
EndProject
Project("{FAE04EC0-301F-11D3-BF4B-00C04F79EFBC}") = "BusStop.Config", "BusStop.Config\BusStop.Config.csproj", "{67603B99-8753-43AA-A734-5756007AF5BB}"
EndProject
Project("{FAE04EC0-301F-11D3-BF4B-00C04F79EFBC}") = "BusStop.Backoffice", "BusStop.Backoffice\BusStop.Backoffice.csproj", "{F49F8E6A-E607-4488-8420-4EB16658C3BE}"
EndProject
Global
	GlobalSection(SolutionConfigurationPlatforms) = preSolution
		Debug|Any CPU = Debug|Any CPU
		Debug|Mixed Platforms = Debug|Mixed Platforms
		Debug|x86 = Debug|x86
		Release|Any CPU = Release|Any CPU
		Release|Mixed Platforms = Release|Mixed Platforms
		Release|x86 = Release|x86
	EndGlobalSection
	GlobalSection(ProjectConfigurationPlatforms) = postSolution
		{200BE292-6449-4117-AD01-2240B877C80B}.Debug|Any CPU.ActiveCfg = Debug|Any CPU
		{200BE292-6449-4117-AD01-2240B877C80B}.Debug|Any CPU.Build.0 = Debug|Any CPU
		{200BE292-6449-4117-AD01-2240B877C80B}.Debug|Mixed Platforms.ActiveCfg = Debug|Any CPU
		{200BE292-6449-4117-AD01-2240B877C80B}.Debug|Mixed Platforms.Build.0 = Debug|Any CPU
		{200BE292-6449-4117-AD01-2240B877C80B}.Debug|x86.ActiveCfg = Debug|Any CPU
		{200BE292-6449-4117-AD01-2240B877C80B}.Release|Any CPU.ActiveCfg = Release|Any CPU
		{200BE292-6449-4117-AD01-2240B877C80B}.Release|Any CPU.Build.0 = Release|Any CPU
		{200BE292-6449-4117-AD01-2240B877C80B}.Release|Mixed Platforms.ActiveCfg = Release|Any CPU
		{200BE292-6449-4117-AD01-2240B877C80B}.Release|Mixed Platforms.Build.0 = Release|Any CPU
		{200BE292-6449-4117-AD01-2240B877C80B}.Release|x86.ActiveCfg = Release|Any CPU
		{54C28089-E771-45C0-BFCF-8AB78021AE99}.Debug|Any CPU.ActiveCfg = Debug|Any CPU
		{54C28089-E771-45C0-BFCF-8AB78021AE99}.Debug|Any CPU.Build.0 = Debug|Any CPU
		{54C28089-E771-45C0-BFCF-8AB78021AE99}.Debug|Mixed Platforms.ActiveCfg = Debug|Any CPU
		{54C28089-E771-45C0-BFCF-8AB78021AE99}.Debug|Mixed Platforms.Build.0 = Debug|Any CPU
		{54C28089-E771-45C0-BFCF-8AB78021AE99}.Debug|x86.ActiveCfg = Debug|Any CPU
		{54C28089-E771-45C0-BFCF-8AB78021AE99}.Release|Any CPU.ActiveCfg = Release|Any CPU
		{54C28089-E771-45C0-BFCF-8AB78021AE99}.Release|Any CPU.Build.0 = Release|Any CPU
		{54C28089-E771-45C0-BFCF-8AB78021AE99}.Release|Mixed Platforms.ActiveCfg = Release|Any CPU
		{54C28089-E771-45C0-BFCF-8AB78021AE99}.Release|Mixed Platforms.Build.0 = Release|Any CPU
		{54C28089-E771-45C0-BFCF-8AB78021AE99}.Release|x86.ActiveCfg = Release|Any CPU
		{65C18267-554F-4391-AD9E-F4CBBB98F58B}.Debug|Any CPU.ActiveCfg = Debug|Any CPU
		{65C18267-554F-4391-AD9E-F4CBBB98F58B}.Debug|Any CPU.Build.0 = Debug|Any CPU
		{65C18267-554F-4391-AD9E-F4CBBB98F58B}.Debug|Mixed Platforms.ActiveCfg = Debug|Any CPU
		{65C18267-554F-4391-AD9E-F4CBBB98F58B}.Debug|Mixed Platforms.Build.0 = Debug|Any CPU
		{65C18267-554F-4391-AD9E-F4CBBB98F58B}.Debug|x86.ActiveCfg = Debug|Any CPU
		{65C18267-554F-4391-AD9E-F4CBBB98F58B}.Release|Any CPU.ActiveCfg = Release|Any CPU
		{65C18267-554F-4391-AD9E-F4CBBB98F58B}.Release|Any CPU.Build.0 = Release|Any CPU
		{65C18267-554F-4391-AD9E-F4CBBB98F58B}.Release|Mixed Platforms.ActiveCfg = Release|Any CPU
		{65C18267-554F-4391-AD9E-F4CBBB98F58B}.Release|Mixed Platforms.Build.0 = Release|Any CPU
		{65C18267-554F-4391-AD9E-F4CBBB98F58B}.Release|x86.ActiveCfg = Release|Any CPU
		{33102B4F-7504-4CAF-A0FF-908DD3445B6C}.Debug|Any CPU.ActiveCfg = Debug|Any CPU
		{33102B4F-7504-4CAF-A0FF-908DD3445B6C}.Debug|Any CPU.Build.0 = Debug|Any CPU
		{33102B4F-7504-4CAF-A0FF-908DD3445B6C}.Debug|Mixed Platforms.ActiveCfg = Debug|Any CPU
		{33102B4F-7504-4CAF-A0FF-908DD3445B6C}.Debug|Mixed Platforms.Build.0 = Debug|Any CPU
		{33102B4F-7504-4CAF-A0FF-908DD3445B6C}.Debug|x86.ActiveCfg = Debug|Any CPU
		{33102B4F-7504-4CAF-A0FF-908DD3445B6C}.Release|Any CPU.ActiveCfg = Release|Any CPU
		{33102B4F-7504-4CAF-A0FF-908DD3445B6C}.Release|Any CPU.Build.0 = Release|Any CPU
		{33102B4F-7504-4CAF-A0FF-908DD3445B6C}.Release|Mixed Platforms.ActiveCfg = Release|Any CPU
		{33102B4F-7504-4CAF-A0FF-908DD3445B6C}.Release|Mixed Platforms.Build.0 = Release|Any CPU
		{33102B4F-7504-4CAF-A0FF-908DD3445B6C}.Release|x86.ActiveCfg = Release|Any CPU
		{67603B99-8753-43AA-A734-5756007AF5BB}.Debug|Any CPU.ActiveCfg = Debug|Any CPU
		{67603B99-8753-43AA-A734-5756007AF5BB}.Debug|Any CPU.Build.0 = Debug|Any CPU
		{67603B99-8753-43AA-A734-5756007AF5BB}.Debug|Mixed Platforms.ActiveCfg = Debug|Any CPU
		{67603B99-8753-43AA-A734-5756007AF5BB}.Debug|Mixed Platforms.Build.0 = Debug|Any CPU
		{67603B99-8753-43AA-A734-5756007AF5BB}.Debug|x86.ActiveCfg = Debug|Any CPU
		{67603B99-8753-43AA-A734-5756007AF5BB}.Release|Any CPU.ActiveCfg = Release|Any CPU
		{67603B99-8753-43AA-A734-5756007AF5BB}.Release|Any CPU.Build.0 = Release|Any CPU
		{67603B99-8753-43AA-A734-5756007AF5BB}.Release|Mixed Platforms.ActiveCfg = Release|Any CPU
		{67603B99-8753-43AA-A734-5756007AF5BB}.Release|Mixed Platforms.Build.0 = Release|Any CPU
		{67603B99-8753-43AA-A734-5756007AF5BB}.Release|x86.ActiveCfg = Release|Any CPU
		{F49F8E6A-E607-4488-8420-4EB16658C3BE}.Debug|Any CPU.ActiveCfg = Debug|x86
		{F49F8E6A-E607-4488-8420-4EB16658C3BE}.Debug|Mixed Platforms.ActiveCfg = Debug|x86
		{F49F8E6A-E607-4488-8420-4EB16658C3BE}.Debug|Mixed Platforms.Build.0 = Debug|x86
		{F49F8E6A-E607-4488-8420-4EB16658C3BE}.Debug|x86.ActiveCfg = Debug|x86
		{F49F8E6A-E607-4488-8420-4EB16658C3BE}.Debug|x86.Build.0 = Debug|x86
		{F49F8E6A-E607-4488-8420-4EB16658C3BE}.Release|Any CPU.ActiveCfg = Release|x86
		{F49F8E6A-E607-4488-8420-4EB16658C3BE}.Release|Mixed Platforms.ActiveCfg = Release|x86
		{F49F8E6A-E607-4488-8420-4EB16658C3BE}.Release|Mixed Platforms.Build.0 = Release|x86
		{F49F8E6A-E607-4488-8420-4EB16658C3BE}.Release|x86.ActiveCfg = Release|x86
		{F49F8E6A-E607-4488-8420-4EB16658C3BE}.Release|x86.Build.0 = Release|x86
	EndGlobalSection
	GlobalSection(SolutionProperties) = preSolution
		HideSolutionNode = FALSE
	EndGlobalSection
EndGlobal
